
Microsoft Visual Studio Solution File, Format Version 12.00
# Visual Studio Version 17
VisualStudioVersion = 17.5.33627.172
MinimumVisualStudioVersion = 10.0.40219.1
Project("{FAE04EC0-301F-11D3-BF4B-00C04F79EFBC}") = "CommandXML", "CommandXML\CommandXML.csproj", "{866F5F11-7CB1-4E26-A2D1-88845A0097FF}"
EndProject
Global
	GlobalSection(SolutionConfigurationPlatforms) = preSolution
		Debug|Any CPU = Debug|Any CPU
		Release|Any CPU = Release|Any CPU
	EndGlobalSection
	GlobalSection(ProjectConfigurationPlatforms) = postSolution
		{866F5F11-7CB1-4E26-A2D1-88845A0097FF}.Debug|Any CPU.ActiveCfg = Debug|Any CPU
		{866F5F11-7CB1-4E26-A2D1-88845A0097FF}.Debug|Any CPU.Build.0 = Debug|Any CPU
		{866F5F11-7CB1-4E26-A2D1-88845A0097FF}.Release|Any CPU.ActiveCfg = Release|Any CPU
		{866F5F11-7CB1-4E26-A2D1-88845A0097FF}.Release|Any CPU.Build.0 = Release|Any CPU
	EndGlobalSection
	GlobalSection(SolutionProperties) = preSolution
		HideSolutionNode = FALSE
	EndGlobalSection
	GlobalSection(ExtensibilityGlobals) = postSolution
		SolutionGuid = {8B2D1FE2-EE57-4FE1-88B7-04D2671F778D}
	EndGlobalSection
EndGlobal
